
Microsoft Visual Studio Solution File, Format Version 12.00
# Visual Studio 15
VisualStudioVersion = 15.0.28010.2036
MinimumVisualStudioVersion = 10.0.40219.1
Project("{9A19103F-16F7-4668-BE54-9A1E7A4F7556}") = "Xcelerator", "Xcelerator\Xcelerator.csproj", "{9A9AB243-510A-4B55-9BDB-C82859E910BA}"
EndProject
Project("{9A19103F-16F7-4668-BE54-9A1E7A4F7556}") = "Xcelerator.Repositories", "Xcelerator.Repositories\Xcelerator.Repositories.csproj", "{975C3168-F8E8-4E2C-B133-A660D1340B83}"
EndProject
Project("{9A19103F-16F7-4668-BE54-9A1E7A4F7556}") = "Xcelerator.Data", "Xcelerator.Data\Xcelerator.Data.csproj", "{F4AF7429-F190-40E0-8D7B-D1000DF0D267}"
EndProject
Project("{9A19103F-16F7-4668-BE54-9A1E7A4F7556}") = "Xcelerator.Common", "Xcelerator.Common\Xcelerator.Common.csproj", "{954FCF84-FE4E-41CB-B686-648DD650B22B}"
EndProject
Project("{FAE04EC0-301F-11D3-BF4B-00C04F79EFBC}") = "Xcelerator.Server", "Xcelerator.Server\Xcelerator.Server.csproj", "{A8238A0A-1047-45E9-ACEA-96F78DEB3E50}"
EndProject
Global
	GlobalSection(SolutionConfigurationPlatforms) = preSolution
		Debug|Any CPU = Debug|Any CPU
		Release|Any CPU = Release|Any CPU
	EndGlobalSection
	GlobalSection(ProjectConfigurationPlatforms) = postSolution
		{9A9AB243-510A-4B55-9BDB-C82859E910BA}.Debug|Any CPU.ActiveCfg = Debug|Any CPU
		{9A9AB243-510A-4B55-9BDB-C82859E910BA}.Debug|Any CPU.Build.0 = Debug|Any CPU
		{9A9AB243-510A-4B55-9BDB-C82859E910BA}.Release|Any CPU.ActiveCfg = Release|Any CPU
		{9A9AB243-510A-4B55-9BDB-C82859E910BA}.Release|Any CPU.Build.0 = Release|Any CPU
		{975C3168-F8E8-4E2C-B133-A660D1340B83}.Debug|Any CPU.ActiveCfg = Debug|Any CPU
		{975C3168-F8E8-4E2C-B133-A660D1340B83}.Debug|Any CPU.Build.0 = Debug|Any CPU
		{975C3168-F8E8-4E2C-B133-A660D1340B83}.Release|Any CPU.ActiveCfg = Release|Any CPU
		{975C3168-F8E8-4E2C-B133-A660D1340B83}.Release|Any CPU.Build.0 = Release|Any CPU
		{F4AF7429-F190-40E0-8D7B-D1000DF0D267}.Debug|Any CPU.ActiveCfg = Debug|Any CPU
		{F4AF7429-F190-40E0-8D7B-D1000DF0D267}.Debug|Any CPU.Build.0 = Debug|Any CPU
		{F4AF7429-F190-40E0-8D7B-D1000DF0D267}.Release|Any CPU.ActiveCfg = Release|Any CPU
		{F4AF7429-F190-40E0-8D7B-D1000DF0D267}.Release|Any CPU.Build.0 = Release|Any CPU
		{954FCF84-FE4E-41CB-B686-648DD650B22B}.Debug|Any CPU.ActiveCfg = Debug|Any CPU
		{954FCF84-FE4E-41CB-B686-648DD650B22B}.Debug|Any CPU.Build.0 = Debug|Any CPU
		{954FCF84-FE4E-41CB-B686-648DD650B22B}.Release|Any CPU.ActiveCfg = Release|Any CPU
		{954FCF84-FE4E-41CB-B686-648DD650B22B}.Release|Any CPU.Build.0 = Release|Any CPU
		{A8238A0A-1047-45E9-ACEA-96F78DEB3E50}.Debug|Any CPU.ActiveCfg = Debug|Any CPU
		{A8238A0A-1047-45E9-ACEA-96F78DEB3E50}.Debug|Any CPU.Build.0 = Debug|Any CPU
		{A8238A0A-1047-45E9-ACEA-96F78DEB3E50}.Release|Any CPU.ActiveCfg = Release|Any CPU
		{A8238A0A-1047-45E9-ACEA-96F78DEB3E50}.Release|Any CPU.Build.0 = Release|Any CPU
	EndGlobalSection
	GlobalSection(SolutionProperties) = preSolution
		HideSolutionNode = FALSE
	EndGlobalSection
	GlobalSection(ExtensibilityGlobals) = postSolution
		SolutionGuid = {FF4A8D44-6FC6-40C0-AE23-0CA46C6F3DB7}
	EndGlobalSection
EndGlobal
